// !$*UTF8*$!
{
	archiveVersion = 1;
	classes = {
	};
	objectVersion = 77;
	objects = {

/* Begin PBXBuildFile section */
		51381F302DD471520073EE9F /* FSCalendar in Frameworks */ = {isa = PBXBuildFile; productRef = 51381F2F2DD471520073EE9F /* FSCalendar */; };
		515410C72E265C0000B5E733 /* Kingfisher in Frameworks */ = {isa = PBXBuildFile; productRef = 515410C62E265C0000B5E733 /* Kingfisher */; };
		517BC4692DE737AF0037D89E /* CombineCocoa in Frameworks */ = {isa = PBXBuildFile; productRef = 517BC4682DE737AF0037D89E /* CombineCocoa */; };
		51B764B32E27E14F00DF2854 /* NMapsMap in Frameworks */ = {isa = PBXBuildFile; productRef = 51B764B22E27E14F00DF2854 /* NMapsMap */; };
		51FA4FA02DBF88BA0092706E /* KakaoSDK in Frameworks */ = {isa = PBXBuildFile; productRef = 51FA4F9F2DBF88BA0092706E /* KakaoSDK */; };
		51FA4FB32DBF986B0092706E /* SnapKit in Frameworks */ = {isa = PBXBuildFile; productRef = 51FA4FB22DBF986B0092706E /* SnapKit */; };
/* End PBXBuildFile section */

/* Begin PBXContainerItemProxy section */
		51FA4F772DBF68BE0092706E /* PBXContainerItemProxy */ = {
			isa = PBXContainerItemProxy;
			containerPortal = 51FA4F552DBF68BD0092706E /* Project object */;
			proxyType = 1;
			remoteGlobalIDString = 51FA4F5C2DBF68BD0092706E;
			remoteInfo = LightOn;
		};
		51FA4F812DBF68BE0092706E /* PBXContainerItemProxy */ = {
			isa = PBXContainerItemProxy;
			containerPortal = 51FA4F552DBF68BD0092706E /* Project object */;
			proxyType = 1;
			remoteGlobalIDString = 51FA4F5C2DBF68BD0092706E;
			remoteInfo = LightOn;
		};
/* End PBXContainerItemProxy section */

/* Begin PBXFileReference section */
		51FA4F5D2DBF68BD0092706E /* LightOn.app */ = {isa = PBXFileReference; explicitFileType = wrapper.application; includeInIndex = 0; path = LightOn.app; sourceTree = BUILT_PRODUCTS_DIR; };
		51FA4F762DBF68BE0092706E /* LightOnTests.xctest */ = {isa = PBXFileReference; explicitFileType = wrapper.cfbundle; includeInIndex = 0; path = LightOnTests.xctest; sourceTree = BUILT_PRODUCTS_DIR; };
		51FA4F802DBF68BE0092706E /* LightOnUITests.xctest */ = {isa = PBXFileReference; explicitFileType = wrapper.cfbundle; includeInIndex = 0; path = LightOnUITests.xctest; sourceTree = BUILT_PRODUCTS_DIR; };
/* End PBXFileReference section */

/* Begin PBXFileSystemSynchronizedBuildFileExceptionSet section */
		51FA4F882DBF68BE0092706E /* Exceptions for "LightOn" folder in "LightOn" target */ = {
			isa = PBXFileSystemSynchronizedBuildFileExceptionSet;
			membershipExceptions = (
				Archive/Legacy/HomeSectionHeaderView.swift,
				Archive/Legacy/RecommendedEventSectionView.swift,
				Archive/Legacy/SpotlightedEventSectionView.swift,
				Archive/LegacyComponents/LOGenreTagView.swift,
				Archive/LegacyTabBar/LOTabBarView.swift,
				Archive/LegacyTabBar/LOTabBarVM.swift,
				Archive/LegacyTabBar/TabBarButton.swift,
				Archive/LegacyTabBar/TabBarVC.swift,
				"Archive/UIControl+Combine.swift",
				"Archive/UIGestureRecognizer+Combine.swift",
				Resources/Info.plist,
			);
			target = 51FA4F5C2DBF68BD0092706E /* LightOn */;
		};
		51FA4FA92DBF8B540092706E /* Exceptions for "LightOn" folder in "LightOnTests" target */ = {
			isa = PBXFileSystemSynchronizedBuildFileExceptionSet;
			membershipExceptions = (
				Resources/APIConfig.xcconfig,
			);
			target = 51FA4F752DBF68BE0092706E /* LightOnTests */;
		};
		51FA4FAA2DBF8B540092706E /* Exceptions for "LightOn" folder in "LightOnUITests" target */ = {
			isa = PBXFileSystemSynchronizedBuildFileExceptionSet;
			membershipExceptions = (
				Resources/APIConfig.xcconfig,
			);
			target = 51FA4F7F2DBF68BE0092706E /* LightOnUITests */;
		};
/* End PBXFileSystemSynchronizedBuildFileExceptionSet section */

/* Begin PBXFileSystemSynchronizedRootGroup section */
		51FA4F5F2DBF68BD0092706E /* LightOn */ = {
			isa = PBXFileSystemSynchronizedRootGroup;
			exceptions = (
				51FA4F882DBF68BE0092706E /* Exceptions for "LightOn" folder in "LightOn" target */,
				51FA4FA92DBF8B540092706E /* Exceptions for "LightOn" folder in "LightOnTests" target */,
				51FA4FAA2DBF8B540092706E /* Exceptions for "LightOn" folder in "LightOnUITests" target */,
			);
			path = LightOn;
			sourceTree = "<group>";
		};
		51FA4F792DBF68BE0092706E /* LightOnTests */ = {
			isa = PBXFileSystemSynchronizedRootGroup;
			path = LightOnTests;
			sourceTree = "<group>";
		};
		51FA4F832DBF68BE0092706E /* LightOnUITests */ = {
			isa = PBXFileSystemSynchronizedRootGroup;
			path = LightOnUITests;
			sourceTree = "<group>";
		};
/* End PBXFileSystemSynchronizedRootGroup section */

/* Begin PBXFrameworksBuildPhase section */
		51FA4F5A2DBF68BD0092706E /* Frameworks */ = {
			isa = PBXFrameworksBuildPhase;
			buildActionMask = 2147483647;
			files = (
				51FA4FA02DBF88BA0092706E /* KakaoSDK in Frameworks */,
				51B764B32E27E14F00DF2854 /* NMapsMap in Frameworks */,
				51381F302DD471520073EE9F /* FSCalendar in Frameworks */,
				517BC4692DE737AF0037D89E /* CombineCocoa in Frameworks */,
				51FA4FB32DBF986B0092706E /* SnapKit in Frameworks */,
				515410C72E265C0000B5E733 /* Kingfisher in Frameworks */,
			);
			runOnlyForDeploymentPostprocessing = 0;
		};
		51FA4F732DBF68BE0092706E /* Frameworks */ = {
			isa = PBXFrameworksBuildPhase;
			buildActionMask = 2147483647;
			files = (
			);
			runOnlyForDeploymentPostprocessing = 0;
		};
		51FA4F7D2DBF68BE0092706E /* Frameworks */ = {
			isa = PBXFrameworksBuildPhase;
			buildActionMask = 2147483647;
			files = (
			);
			runOnlyForDeploymentPostprocessing = 0;
		};
/* End PBXFrameworksBuildPhase section */

/* Begin PBXGroup section */
		51FA4F542DBF68BD0092706E = {
			isa = PBXGroup;
			children = (
				51FA4F5F2DBF68BD0092706E /* LightOn */,
				51FA4F792DBF68BE0092706E /* LightOnTests */,
				51FA4F832DBF68BE0092706E /* LightOnUITests */,
				51FA4F5E2DBF68BD0092706E /* Products */,
			);
			sourceTree = "<group>";
		};
		51FA4F5E2DBF68BD0092706E /* Products */ = {
			isa = PBXGroup;
			children = (
				51FA4F5D2DBF68BD0092706E /* LightOn.app */,
				51FA4F762DBF68BE0092706E /* LightOnTests.xctest */,
				51FA4F802DBF68BE0092706E /* LightOnUITests.xctest */,
			);
			name = Products;
			sourceTree = "<group>";
		};
/* End PBXGroup section */

/* Begin PBXNativeTarget section */
		51FA4F5C2DBF68BD0092706E /* LightOn */ = {
			isa = PBXNativeTarget;
			buildConfigurationList = 51FA4F892DBF68BE0092706E /* Build configuration list for PBXNativeTarget "LightOn" */;
			buildPhases = (
				51FA4F592DBF68BD0092706E /* Sources */,
				51FA4F5A2DBF68BD0092706E /* Frameworks */,
				51FA4F5B2DBF68BD0092706E /* Resources */,
			);
			buildRules = (
			);
			dependencies = (
			);
			fileSystemSynchronizedGroups = (
				51FA4F5F2DBF68BD0092706E /* LightOn */,
			);
			name = LightOn;
			packageProductDependencies = (
				51FA4F9F2DBF88BA0092706E /* KakaoSDK */,
				51FA4FB22DBF986B0092706E /* SnapKit */,
				51381F2F2DD471520073EE9F /* FSCalendar */,
				517BC4682DE737AF0037D89E /* CombineCocoa */,
				515410C62E265C0000B5E733 /* Kingfisher */,
				51B764B22E27E14F00DF2854 /* NMapsMap */,
			);
			productName = LightOn;
			productReference = 51FA4F5D2DBF68BD0092706E /* LightOn.app */;
			productType = "com.apple.product-type.application";
		};
		51FA4F752DBF68BE0092706E /* LightOnTests */ = {
			isa = PBXNativeTarget;
			buildConfigurationList = 51FA4F8E2DBF68BE0092706E /* Build configuration list for PBXNativeTarget "LightOnTests" */;
			buildPhases = (
				51FA4F722DBF68BE0092706E /* Sources */,
				51FA4F732DBF68BE0092706E /* Frameworks */,
				51FA4F742DBF68BE0092706E /* Resources */,
			);
			buildRules = (
			);
			dependencies = (
				51FA4F782DBF68BE0092706E /* PBXTargetDependency */,
			);
			fileSystemSynchronizedGroups = (
				51FA4F792DBF68BE0092706E /* LightOnTests */,
			);
			name = LightOnTests;
			packageProductDependencies = (
			);
			productName = LightOnTests;
			productReference = 51FA4F762DBF68BE0092706E /* LightOnTests.xctest */;
			productType = "com.apple.product-type.bundle.unit-test";
		};
		51FA4F7F2DBF68BE0092706E /* LightOnUITests */ = {
			isa = PBXNativeTarget;
			buildConfigurationList = 51FA4F912DBF68BE0092706E /* Build configuration list for PBXNativeTarget "LightOnUITests" */;
			buildPhases = (
				51FA4F7C2DBF68BE0092706E /* Sources */,
				51FA4F7D2DBF68BE0092706E /* Frameworks */,
				51FA4F7E2DBF68BE0092706E /* Resources */,
			);
			buildRules = (
			);
			dependencies = (
				51FA4F822DBF68BE0092706E /* PBXTargetDependency */,
			);
			fileSystemSynchronizedGroups = (
				51FA4F832DBF68BE0092706E /* LightOnUITests */,
			);
			name = LightOnUITests;
			packageProductDependencies = (
			);
			productName = LightOnUITests;
			productReference = 51FA4F802DBF68BE0092706E /* LightOnUITests.xctest */;
			productType = "com.apple.product-type.bundle.ui-testing";
		};
/* End PBXNativeTarget section */

/* Begin PBXProject section */
		51FA4F552DBF68BD0092706E /* Project object */ = {
			isa = PBXProject;
			attributes = {
				BuildIndependentTargetsInParallel = 1;
				LastSwiftUpdateCheck = 1620;
				LastUpgradeCheck = 1620;
				TargetAttributes = {
					51FA4F5C2DBF68BD0092706E = {
						CreatedOnToolsVersion = 16.2;
					};
					51FA4F752DBF68BE0092706E = {
						CreatedOnToolsVersion = 16.2;
						TestTargetID = 51FA4F5C2DBF68BD0092706E;
					};
					51FA4F7F2DBF68BE0092706E = {
						CreatedOnToolsVersion = 16.2;
						TestTargetID = 51FA4F5C2DBF68BD0092706E;
					};
				};
			};
			buildConfigurationList = 51FA4F582DBF68BD0092706E /* Build configuration list for PBXProject "LightOn" */;
			developmentRegion = ko;
			hasScannedForEncodings = 0;
			knownRegions = (
				Base,
				ko,
			);
			mainGroup = 51FA4F542DBF68BD0092706E;
			minimizedProjectReferenceProxies = 1;
			packageReferences = (
				51FA4F9E2DBF88BA0092706E /* XCRemoteSwiftPackageReference "kakao-ios-sdk" */,
				51FA4FB12DBF986B0092706E /* XCRemoteSwiftPackageReference "SnapKit" */,
				51381F2E2DD471520073EE9F /* XCRemoteSwiftPackageReference "FSCalendar" */,
				517BC4672DE737AF0037D89E /* XCRemoteSwiftPackageReference "CombineCocoa" */,
				515410C52E265C0000B5E733 /* XCRemoteSwiftPackageReference "Kingfisher" */,
				51B764B12E27E14F00DF2854 /* XCRemoteSwiftPackageReference "SPM-NMapsMap" */,
			);
			preferredProjectObjectVersion = 77;
			productRefGroup = 51FA4F5E2DBF68BD0092706E /* Products */;
			projectDirPath = "";
			projectRoot = "";
			targets = (
				51FA4F5C2DBF68BD0092706E /* LightOn */,
				51FA4F752DBF68BE0092706E /* LightOnTests */,
				51FA4F7F2DBF68BE0092706E /* LightOnUITests */,
			);
		};
/* End PBXProject section */

/* Begin PBXResourcesBuildPhase section */
		51FA4F5B2DBF68BD0092706E /* Resources */ = {
			isa = PBXResourcesBuildPhase;
			buildActionMask = 2147483647;
			files = (
			);
			runOnlyForDeploymentPostprocessing = 0;
		};
		51FA4F742DBF68BE0092706E /* Resources */ = {
			isa = PBXResourcesBuildPhase;
			buildActionMask = 2147483647;
			files = (
			);
			runOnlyForDeploymentPostprocessing = 0;
		};
		51FA4F7E2DBF68BE0092706E /* Resources */ = {
			isa = PBXResourcesBuildPhase;
			buildActionMask = 2147483647;
			files = (
			);
			runOnlyForDeploymentPostprocessing = 0;
		};
/* End PBXResourcesBuildPhase section */

/* Begin PBXSourcesBuildPhase section */
		51FA4F592DBF68BD0092706E /* Sources */ = {
			isa = PBXSourcesBuildPhase;
			buildActionMask = 2147483647;
			files = (
			);
			runOnlyForDeploymentPostprocessing = 0;
		};
		51FA4F722DBF68BE0092706E /* Sources */ = {
			isa = PBXSourcesBuildPhase;
			buildActionMask = 2147483647;
			files = (
			);
			runOnlyForDeploymentPostprocessing = 0;
		};
		51FA4F7C2DBF68BE0092706E /* Sources */ = {
			isa = PBXSourcesBuildPhase;
			buildActionMask = 2147483647;
			files = (
			);
			runOnlyForDeploymentPostprocessing = 0;
		};
/* End PBXSourcesBuildPhase section */

/* Begin PBXTargetDependency section */
		51FA4F782DBF68BE0092706E /* PBXTargetDependency */ = {
			isa = PBXTargetDependency;
			target = 51FA4F5C2DBF68BD0092706E /* LightOn */;
			targetProxy = 51FA4F772DBF68BE0092706E /* PBXContainerItemProxy */;
		};
		51FA4F822DBF68BE0092706E /* PBXTargetDependency */ = {
			isa = PBXTargetDependency;
			target = 51FA4F5C2DBF68BD0092706E /* LightOn */;
			targetProxy = 51FA4F812DBF68BE0092706E /* PBXContainerItemProxy */;
		};
/* End PBXTargetDependency section */

/* Begin XCBuildConfiguration section */
		51FA4F8A2DBF68BE0092706E /* Debug */ = {
			isa = XCBuildConfiguration;
			baseConfigurationReferenceAnchor = 51FA4F5F2DBF68BD0092706E /* LightOn */;
			baseConfigurationReferenceRelativePath = Resources/APIConfig.xcconfig;
			buildSettings = {
				ASSETCATALOG_COMPILER_APPICON_NAME = AppIcon;
				ASSETCATALOG_COMPILER_GLOBAL_ACCENT_COLOR_NAME = AccentColor;
				CODE_SIGN_STYLE = Automatic;
				CURRENT_PROJECT_VERSION = 8;
				DEVELOPMENT_TEAM = 4ZYD8FJ88F;
				GENERATE_INFOPLIST_FILE = YES;
				INFOPLIST_FILE = LightOn/Resources/Info.plist;
				INFOPLIST_KEY_CFBundleDisplayName = "라이트 온";
				INFOPLIST_KEY_UIApplicationSupportsIndirectInputEvents = YES;
				INFOPLIST_KEY_UILaunchStoryboardName = LaunchScreen;
				INFOPLIST_KEY_UISupportedInterfaceOrientations = UIInterfaceOrientationPortrait;
				INFOPLIST_KEY_UISupportedInterfaceOrientations_iPad = "UIInterfaceOrientationLandscapeLeft UIInterfaceOrientationLandscapeRight UIInterfaceOrientationPortrait UIInterfaceOrientationPortraitUpsideDown";
				IPHONEOS_DEPLOYMENT_TARGET = 17.6;
				LD_RUNPATH_SEARCH_PATHS = (
					"$(inherited)",
					"@executable_path/Frameworks",
				);
				MARKETING_VERSION = 1.0.0;
				PRODUCT_BUNDLE_IDENTIFIER = com.chunim.LightOnDev;
				PRODUCT_NAME = "$(TARGET_NAME)";
				SUPPORTED_PLATFORMS = "iphoneos iphonesimulator";
				SUPPORTS_MACCATALYST = NO;
				SUPPORTS_MAC_DESIGNED_FOR_IPHONE_IPAD = NO;
				SUPPORTS_XR_DESIGNED_FOR_IPHONE_IPAD = NO;
				SWIFT_EMIT_LOC_STRINGS = YES;
				SWIFT_VERSION = 5.0;
				TARGETED_DEVICE_FAMILY = 1;
			};
			name = Debug;
		};
		51FA4F8B2DBF68BE0092706E /* Release */ = {
			isa = XCBuildConfiguration;
			baseConfigurationReferenceAnchor = 51FA4F5F2DBF68BD0092706E /* LightOn */;
			baseConfigurationReferenceRelativePath = Resources/APIConfig.xcconfig;
			buildSettings = {
				ASSETCATALOG_COMPILER_APPICON_NAME = AppIcon;
				ASSETCATALOG_COMPILER_GLOBAL_ACCENT_COLOR_NAME = AccentColor;
				CODE_SIGN_STYLE = Automatic;
				CURRENT_PROJECT_VERSION = 8;
				DEVELOPMENT_TEAM = B8M8T628ZW;
				GENERATE_INFOPLIST_FILE = YES;
				INFOPLIST_FILE = LightOn/Resources/Info.plist;
				INFOPLIST_KEY_CFBundleDisplayName = "라이트 온";
				INFOPLIST_KEY_UIApplicationSupportsIndirectInputEvents = YES;
				INFOPLIST_KEY_UILaunchStoryboardName = LaunchScreen;
				INFOPLIST_KEY_UISupportedInterfaceOrientations = UIInterfaceOrientationPortrait;
				INFOPLIST_KEY_UISupportedInterfaceOrientations_iPad = "UIInterfaceOrientationLandscapeLeft UIInterfaceOrientationLandscapeRight UIInterfaceOrientationPortrait UIInterfaceOrientationPortraitUpsideDown";
				IPHONEOS_DEPLOYMENT_TARGET = 17.6;
				LD_RUNPATH_SEARCH_PATHS = (
					"$(inherited)",
					"@executable_path/Frameworks",
				);
				MARKETING_VERSION = 1.0.0;
				PRODUCT_BUNDLE_IDENTIFIER = com.chunim.LightOn;
				PRODUCT_NAME = "$(TARGET_NAME)";
				SUPPORTED_PLATFORMS = "iphoneos iphonesimulator";
				SUPPORTS_MACCATALYST = NO;
				SUPPORTS_MAC_DESIGNED_FOR_IPHONE_IPAD = NO;
				SUPPORTS_XR_DESIGNED_FOR_IPHONE_IPAD = NO;
				SWIFT_EMIT_LOC_STRINGS = YES;
				SWIFT_VERSION = 5.0;
				TARGETED_DEVICE_FAMILY = 1;
			};
			name = Release;
		};
		51FA4F8C2DBF68BE0092706E /* Debug */ = {
			isa = XCBuildConfiguration;
			buildSettings = {
				ALWAYS_SEARCH_USER_PATHS = NO;
				ASSETCATALOG_COMPILER_GENERATE_SWIFT_ASSET_SYMBOL_EXTENSIONS = YES;
				CLANG_ANALYZER_LOCALIZABILITY_NONLOCALIZED = YES;
				CLANG_ANALYZER_NONNULL = YES;
				CLANG_ANALYZER_NUMBER_OBJECT_CONVERSION = YES_AGGRESSIVE;
				CLANG_CXX_LANGUAGE_STANDARD = "gnu++20";
				CLANG_ENABLE_MODULES = YES;
				CLANG_ENABLE_OBJC_ARC = YES;
				CLANG_ENABLE_OBJC_WEAK = YES;
				CLANG_WARN_BLOCK_CAPTURE_AUTORELEASING = YES;
				CLANG_WARN_BOOL_CONVERSION = YES;
				CLANG_WARN_COMMA = YES;
				CLANG_WARN_CONSTANT_CONVERSION = YES;
				CLANG_WARN_DEPRECATED_OBJC_IMPLEMENTATIONS = YES;
				CLANG_WARN_DIRECT_OBJC_ISA_USAGE = YES_ERROR;
				CLANG_WARN_DOCUMENTATION_COMMENTS = YES;
				CLANG_WARN_EMPTY_BODY = YES;
				CLANG_WARN_ENUM_CONVERSION = YES;
				CLANG_WARN_INFINITE_RECURSION = YES;
				CLANG_WARN_INT_CONVERSION = YES;
				CLANG_WARN_NON_LITERAL_NULL_CONVERSION = YES;
				CLANG_WARN_OBJC_IMPLICIT_RETAIN_SELF = YES;
				CLANG_WARN_OBJC_LITERAL_CONVERSION = YES;
				CLANG_WARN_OBJC_ROOT_CLASS = YES_ERROR;
				CLANG_WARN_QUOTED_INCLUDE_IN_FRAMEWORK_HEADER = YES;
				CLANG_WARN_RANGE_LOOP_ANALYSIS = YES;
				CLANG_WARN_STRICT_PROTOTYPES = YES;
				CLANG_WARN_SUSPICIOUS_MOVE = YES;
				CLANG_WARN_UNGUARDED_AVAILABILITY = YES_AGGRESSIVE;
				CLANG_WARN_UNREACHABLE_CODE = YES;
				CLANG_WARN__DUPLICATE_METHOD_MATCH = YES;
				COPY_PHASE_STRIP = NO;
				DEBUG_INFORMATION_FORMAT = dwarf;
				ENABLE_STRICT_OBJC_MSGSEND = YES;
				ENABLE_TESTABILITY = YES;
				ENABLE_USER_SCRIPT_SANDBOXING = YES;
				GCC_C_LANGUAGE_STANDARD = gnu17;
				GCC_DYNAMIC_NO_PIC = NO;
				GCC_NO_COMMON_BLOCKS = YES;
				GCC_OPTIMIZATION_LEVEL = 0;
				GCC_PREPROCESSOR_DEFINITIONS = (
					"DEBUG=1",
					"$(inherited)",
				);
				GCC_WARN_64_TO_32_BIT_CONVERSION = YES;
				GCC_WARN_ABOUT_RETURN_TYPE = YES_ERROR;
				GCC_WARN_UNDECLARED_SELECTOR = YES;
				GCC_WARN_UNINITIALIZED_AUTOS = YES_AGGRESSIVE;
				GCC_WARN_UNUSED_FUNCTION = YES;
				GCC_WARN_UNUSED_VARIABLE = YES;
				IPHONEOS_DEPLOYMENT_TARGET = 18.2;
				LOCALIZATION_PREFERS_STRING_CATALOGS = YES;
				MTL_ENABLE_DEBUG_INFO = INCLUDE_SOURCE;
				MTL_FAST_MATH = YES;
				ONLY_ACTIVE_ARCH = YES;
				SDKROOT = iphoneos;
				SWIFT_ACTIVE_COMPILATION_CONDITIONS = "DEBUG $(inherited)";
				SWIFT_OPTIMIZATION_LEVEL = "-Onone";
			};
			name = Debug;
		};
		51FA4F8D2DBF68BE0092706E /* Release */ = {
			isa = XCBuildConfiguration;
			buildSettings = {
				ALWAYS_SEARCH_USER_PATHS = NO;
				ASSETCATALOG_COMPILER_GENERATE_SWIFT_ASSET_SYMBOL_EXTENSIONS = YES;
				CLANG_ANALYZER_LOCALIZABILITY_NONLOCALIZED = YES;
				CLANG_ANALYZER_NONNULL = YES;
				CLANG_ANALYZER_NUMBER_OBJECT_CONVERSION = YES_AGGRESSIVE;
				CLANG_CXX_LANGUAGE_STANDARD = "gnu++20";
				CLANG_ENABLE_MODULES = YES;
				CLANG_ENABLE_OBJC_ARC = YES;
				CLANG_ENABLE_OBJC_WEAK = YES;
				CLANG_WARN_BLOCK_CAPTURE_AUTORELEASING = YES;
				CLANG_WARN_BOOL_CONVERSION = YES;
				CLANG_WARN_COMMA = YES;
				CLANG_WARN_CONSTANT_CONVERSION = YES;
				CLANG_WARN_DEPRECATED_OBJC_IMPLEMENTATIONS = YES;
				CLANG_WARN_DIRECT_OBJC_ISA_USAGE = YES_ERROR;
				CLANG_WARN_DOCUMENTATION_COMMENTS = YES;
				CLANG_WARN_EMPTY_BODY = YES;
				CLANG_WARN_ENUM_CONVERSION = YES;
				CLANG_WARN_INFINITE_RECURSION = YES;
				CLANG_WARN_INT_CONVERSION = YES;
				CLANG_WARN_NON_LITERAL_NULL_CONVERSION = YES;
				CLANG_WARN_OBJC_IMPLICIT_RETAIN_SELF = YES;
				CLANG_WARN_OBJC_LITERAL_CONVERSION = YES;
				CLANG_WARN_OBJC_ROOT_CLASS = YES_ERROR;
				CLANG_WARN_QUOTED_INCLUDE_IN_FRAMEWORK_HEADER = YES;
				CLANG_WARN_RANGE_LOOP_ANALYSIS = YES;
				CLANG_WARN_STRICT_PROTOTYPES = YES;
				CLANG_WARN_SUSPICIOUS_MOVE = YES;
				CLANG_WARN_UNGUARDED_AVAILABILITY = YES_AGGRESSIVE;
				CLANG_WARN_UNREACHABLE_CODE = YES;
				CLANG_WARN__DUPLICATE_METHOD_MATCH = YES;
				COPY_PHASE_STRIP = NO;
				DEBUG_INFORMATION_FORMAT = "dwarf-with-dsym";
				ENABLE_NS_ASSERTIONS = NO;
				ENABLE_STRICT_OBJC_MSGSEND = YES;
				ENABLE_USER_SCRIPT_SANDBOXING = YES;
				GCC_C_LANGUAGE_STANDARD = gnu17;
				GCC_NO_COMMON_BLOCKS = YES;
				GCC_WARN_64_TO_32_BIT_CONVERSION = YES;
				GCC_WARN_ABOUT_RETURN_TYPE = YES_ERROR;
				GCC_WARN_UNDECLARED_SELECTOR = YES;
				GCC_WARN_UNINITIALIZED_AUTOS = YES_AGGRESSIVE;
				GCC_WARN_UNUSED_FUNCTION = YES;
				GCC_WARN_UNUSED_VARIABLE = YES;
				IPHONEOS_DEPLOYMENT_TARGET = 18.2;
				LOCALIZATION_PREFERS_STRING_CATALOGS = YES;
				MTL_ENABLE_DEBUG_INFO = NO;
				MTL_FAST_MATH = YES;
				SDKROOT = iphoneos;
				SWIFT_COMPILATION_MODE = wholemodule;
				VALIDATE_PRODUCT = YES;
			};
			name = Release;
		};
		51FA4F8F2DBF68BE0092706E /* Debug */ = {
			isa = XCBuildConfiguration;
			buildSettings = {
				BUNDLE_LOADER = "$(TEST_HOST)";
				CODE_SIGN_STYLE = Automatic;
				CURRENT_PROJECT_VERSION = 1;
				DEVELOPMENT_TEAM = 4ZYD8FJ88F;
				GENERATE_INFOPLIST_FILE = YES;
				IPHONEOS_DEPLOYMENT_TARGET = 17.6;
				MARKETING_VERSION = 1.0;
				PRODUCT_BUNDLE_IDENTIFIER = com.chunim.LightOnTests;
				PRODUCT_NAME = "$(TARGET_NAME)";
				SUPPORTED_PLATFORMS = "iphoneos iphonesimulator";
				SUPPORTS_MACCATALYST = NO;
				SUPPORTS_MAC_DESIGNED_FOR_IPHONE_IPAD = NO;
				SUPPORTS_XR_DESIGNED_FOR_IPHONE_IPAD = NO;
				SWIFT_EMIT_LOC_STRINGS = NO;
				SWIFT_VERSION = 5.0;
				TARGETED_DEVICE_FAMILY = 1;
				TEST_HOST = "$(BUILT_PRODUCTS_DIR)/LightOn.app/$(BUNDLE_EXECUTABLE_FOLDER_PATH)/LightOn";
			};
			name = Debug;
		};
		51FA4F902DBF68BE0092706E /* Release */ = {
			isa = XCBuildConfiguration;
			buildSettings = {
				BUNDLE_LOADER = "$(TEST_HOST)";
				CODE_SIGN_STYLE = Automatic;
				CURRENT_PROJECT_VERSION = 1;
				DEVELOPMENT_TEAM = 4ZYD8FJ88F;
				GENERATE_INFOPLIST_FILE = YES;
				IPHONEOS_DEPLOYMENT_TARGET = 17.6;
				MARKETING_VERSION = 1.0;
				PRODUCT_BUNDLE_IDENTIFIER = com.chunim.LightOnTests;
				PRODUCT_NAME = "$(TARGET_NAME)";
				SUPPORTED_PLATFORMS = "iphoneos iphonesimulator";
				SUPPORTS_MACCATALYST = NO;
				SUPPORTS_MAC_DESIGNED_FOR_IPHONE_IPAD = NO;
				SUPPORTS_XR_DESIGNED_FOR_IPHONE_IPAD = NO;
				SWIFT_EMIT_LOC_STRINGS = NO;
				SWIFT_VERSION = 5.0;
				TARGETED_DEVICE_FAMILY = 1;
				TEST_HOST = "$(BUILT_PRODUCTS_DIR)/LightOn.app/$(BUNDLE_EXECUTABLE_FOLDER_PATH)/LightOn";
			};
			name = Release;
		};
		51FA4F922DBF68BE0092706E /* Debug */ = {
			isa = XCBuildConfiguration;
			buildSettings = {
				CODE_SIGN_STYLE = Automatic;
				CURRENT_PROJECT_VERSION = 1;
				DEVELOPMENT_TEAM = 4ZYD8FJ88F;
				GENERATE_INFOPLIST_FILE = YES;
				IPHONEOS_DEPLOYMENT_TARGET = 17.6;
				MARKETING_VERSION = 1.0;
				PRODUCT_BUNDLE_IDENTIFIER = com.chunim.LightOnUITests;
				PRODUCT_NAME = "$(TARGET_NAME)";
				SUPPORTED_PLATFORMS = "iphoneos iphonesimulator";
				SUPPORTS_MACCATALYST = NO;
				SUPPORTS_MAC_DESIGNED_FOR_IPHONE_IPAD = NO;
				SUPPORTS_XR_DESIGNED_FOR_IPHONE_IPAD = NO;
				SWIFT_EMIT_LOC_STRINGS = NO;
				SWIFT_VERSION = 5.0;
				TARGETED_DEVICE_FAMILY = 1;
				TEST_TARGET_NAME = LightOn;
			};
			name = Debug;
		};
		51FA4F932DBF68BE0092706E /* Release */ = {
			isa = XCBuildConfiguration;
			buildSettings = {
				CODE_SIGN_STYLE = Automatic;
				CURRENT_PROJECT_VERSION = 1;
				DEVELOPMENT_TEAM = 4ZYD8FJ88F;
				GENERATE_INFOPLIST_FILE = YES;
				IPHONEOS_DEPLOYMENT_TARGET = 17.6;
				MARKETING_VERSION = 1.0;
				PRODUCT_BUNDLE_IDENTIFIER = com.chunim.LightOnUITests;
				PRODUCT_NAME = "$(TARGET_NAME)";
				SUPPORTED_PLATFORMS = "iphoneos iphonesimulator";
				SUPPORTS_MACCATALYST = NO;
				SUPPORTS_MAC_DESIGNED_FOR_IPHONE_IPAD = NO;
				SUPPORTS_XR_DESIGNED_FOR_IPHONE_IPAD = NO;
				SWIFT_EMIT_LOC_STRINGS = NO;
				SWIFT_VERSION = 5.0;
				TARGETED_DEVICE_FAMILY = 1;
				TEST_TARGET_NAME = LightOn;
			};
			name = Release;
		};
/* End XCBuildConfiguration section */

/* Begin XCConfigurationList section */
		51FA4F582DBF68BD0092706E /* Build configuration list for PBXProject "LightOn" */ = {
			isa = XCConfigurationList;
			buildConfigurations = (
				51FA4F8C2DBF68BE0092706E /* Debug */,
				51FA4F8D2DBF68BE0092706E /* Release */,
			);
			defaultConfigurationIsVisible = 0;
			defaultConfigurationName = Release;
		};
		51FA4F892DBF68BE0092706E /* Build configuration list for PBXNativeTarget "LightOn" */ = {
			isa = XCConfigurationList;
			buildConfigurations = (
				51FA4F8A2DBF68BE0092706E /* Debug */,
				51FA4F8B2DBF68BE0092706E /* Release */,
			);
			defaultConfigurationIsVisible = 0;
			defaultConfigurationName = Release;
		};
		51FA4F8E2DBF68BE0092706E /* Build configuration list for PBXNativeTarget "LightOnTests" */ = {
			isa = XCConfigurationList;
			buildConfigurations = (
				51FA4F8F2DBF68BE0092706E /* Debug */,
				51FA4F902DBF68BE0092706E /* Release */,
			);
			defaultConfigurationIsVisible = 0;
			defaultConfigurationName = Release;
		};
		51FA4F912DBF68BE0092706E /* Build configuration list for PBXNativeTarget "LightOnUITests" */ = {
			isa = XCConfigurationList;
			buildConfigurations = (
				51FA4F922DBF68BE0092706E /* Debug */,
				51FA4F932DBF68BE0092706E /* Release */,
			);
			defaultConfigurationIsVisible = 0;
			defaultConfigurationName = Release;
		};
/* End XCConfigurationList section */

/* Begin XCRemoteSwiftPackageReference section */
		51381F2E2DD471520073EE9F /* XCRemoteSwiftPackageReference "FSCalendar" */ = {
			isa = XCRemoteSwiftPackageReference;
			repositoryURL = "https://github.com/WenchaoD/FSCalendar.git";
			requirement = {
				kind = upToNextMajorVersion;
				minimumVersion = 2.8.4;
			};
		};
		515410C52E265C0000B5E733 /* XCRemoteSwiftPackageReference "Kingfisher" */ = {
			isa = XCRemoteSwiftPackageReference;
			repositoryURL = "https://github.com/onevcat/Kingfisher";
			requirement = {
				kind = upToNextMajorVersion;
				minimumVersion = 8.5.0;
			};
		};
		517BC4672DE737AF0037D89E /* XCRemoteSwiftPackageReference "CombineCocoa" */ = {
			isa = XCRemoteSwiftPackageReference;
			repositoryURL = "https://github.com/CombineCommunity/CombineCocoa.git";
			requirement = {
				kind = upToNextMajorVersion;
				minimumVersion = 0.4.1;
			};
		};
		51B764B12E27E14F00DF2854 /* XCRemoteSwiftPackageReference "SPM-NMapsMap" */ = {
			isa = XCRemoteSwiftPackageReference;
			repositoryURL = "https://github.com/navermaps/SPM-NMapsMap";
			requirement = {
				kind = upToNextMajorVersion;
				minimumVersion = 3.22.0;
			};
		};
		51FA4F9E2DBF88BA0092706E /* XCRemoteSwiftPackageReference "kakao-ios-sdk" */ = {
			isa = XCRemoteSwiftPackageReference;
			repositoryURL = "https://github.com/kakao/kakao-ios-sdk";
			requirement = {
				kind = upToNextMajorVersion;
				minimumVersion = 2.24.1;
			};
		};
		51FA4FB12DBF986B0092706E /* XCRemoteSwiftPackageReference "SnapKit" */ = {
			isa = XCRemoteSwiftPackageReference;
			repositoryURL = "https://github.com/SnapKit/SnapKit";
			requirement = {
				kind = upToNextMajorVersion;
				minimumVersion = 5.7.1;
			};
		};
/* End XCRemoteSwiftPackageReference section */

/* Begin XCSwiftPackageProductDependency section */
		51381F2F2DD471520073EE9F /* FSCalendar */ = {
			isa = XCSwiftPackageProductDependency;
			package = 51381F2E2DD471520073EE9F /* XCRemoteSwiftPackageReference "FSCalendar" */;
			productName = FSCalendar;
		};
		515410C62E265C0000B5E733 /* Kingfisher */ = {
			isa = XCSwiftPackageProductDependency;
			package = 515410C52E265C0000B5E733 /* XCRemoteSwiftPackageReference "Kingfisher" */;
			productName = Kingfisher;
		};
		517BC4682DE737AF0037D89E /* CombineCocoa */ = {
			isa = XCSwiftPackageProductDependency;
			package = 517BC4672DE737AF0037D89E /* XCRemoteSwiftPackageReference "CombineCocoa" */;
			productName = CombineCocoa;
		};
		51B764B22E27E14F00DF2854 /* NMapsMap */ = {
			isa = XCSwiftPackageProductDependency;
			package = 51B764B12E27E14F00DF2854 /* XCRemoteSwiftPackageReference "SPM-NMapsMap" */;
			productName = NMapsMap;
		};
		51FA4F9F2DBF88BA0092706E /* KakaoSDK */ = {
			isa = XCSwiftPackageProductDependency;
			package = 51FA4F9E2DBF88BA0092706E /* XCRemoteSwiftPackageReference "kakao-ios-sdk" */;
			productName = KakaoSDK;
		};
		51FA4FB22DBF986B0092706E /* SnapKit */ = {
			isa = XCSwiftPackageProductDependency;
			package = 51FA4FB12DBF986B0092706E /* XCRemoteSwiftPackageReference "SnapKit" */;
			productName = SnapKit;
		};
/* End XCSwiftPackageProductDependency section */
	};
	rootObject = 51FA4F552DBF68BD0092706E /* Project object */;
}
